{
  "nodes": {
    "brew-src": {
      "flake": false,
      "locked": {
        "lastModified": 1769363988,
        "narHash": "sha256-BiGPeulrDVetXP+tjxhMcGLUROZAtZIhU5m4MqawCfM=",
        "owner": "Homebrew",
        "repo": "brew",
        "rev": "d01011cac6d72032c75fd2cd9489909e95d9faf2",
        "type": "github"
      },
      "original": {
        "owner": "Homebrew",
        "ref": "5.0.12",
        "repo": "brew",
        "type": "github"
      }
    },
    "darwin-custom-icons": {
      "locked": {
        "lastModified": 1719071371,
        "narHash": "sha256-SPazmoL3Pls4QTiZ2CRtavecNJgzpL4GeiwafTmtdJ8=",
        "owner": "ryanccn",
        "repo": "nix-darwin-custom-icons",
        "rev": "ad3e8cf49ef0b276ccf67410f544ff33d965d821",
        "type": "github"
      },
      "original": {
        "owner": "ryanccn",
        "repo": "nix-darwin-custom-icons",
        "type": "github"
      }
    },
    "homebrew-cask": {
      "flake": false,
      "locked": {
        "lastModified": 1773063057,
        "narHash": "sha256-EDBj2/vuTm0LZh3g1w6iH2ZW/dqJPicT3Fj4EvuUPQs=",
        "owner": "homebrew",
        "repo": "homebrew-cask",
        "rev": "d8946bfde10950872bea074d7947412b0816d322",
        "type": "github"
      },
      "original": {
        "owner": "homebrew",
        "repo": "homebrew-cask",
        "type": "github"
      }
    },
    "homebrew-core": {
      "flake": false,
      "locked": {
        "lastModified": 1773062308,
        "narHash": "sha256-hyRsqNwCH7q3CmLTuMvz1E1UpraRuptAIefPFibWfYY=",
        "owner": "homebrew",
        "repo": "homebrew-core",
        "rev": "29294ff60b02e5eefe7efbc1fcaffea6c68e2170",
        "type": "github"
      },
      "original": {
        "owner": "homebrew",
        "repo": "homebrew-core",
        "type": "github"
      }
    },
    "homebrew-dashlane": {
      "flake": false,
      "locked": {
        "lastModified": 1770740227,
        "narHash": "sha256-oUruGFzwGMFbu1dRjUZvQZwjnXbExsTU9+0pyYpgeYc=",
        "owner": "Dashlane",
        "repo": "homebrew-tap",
        "rev": "920f1909e0cf1277b14bcd490a28332327ef9ebb",
        "type": "github"
      },
      "original": {
        "owner": "Dashlane",
        "repo": "homebrew-tap",
        "type": "github"
      }
    },
    "homebrew-hai": {
      "flake": false,
      "locked": {
        "lastModified": 1772814317,
        "narHash": "sha256-Zs1zjd/gNkLYP5kSVY74oQQ5WCQPT8EzKe0ufes0fWY=",
        "ref": "refs/heads/main",
        "rev": "1aec9681036c4c4c25481c9994f6af8bcca34cb1",
        "revCount": 61,
        "type": "git",
        "url": "https://github.tools.sap/hAIperspace/hai-homebrew.git"
      },
      "original": {
        "type": "git",
        "url": "https://github.tools.sap/hAIperspace/hai-homebrew.git"
      }
    },
    "nix-darwin": {
      "inputs": {
        "nixpkgs": [
          "nixpkgs"
        ]
      },
      "locked": {
        "lastModified": 1773000227,
        "narHash": "sha256-zm3ftUQw0MPumYi91HovoGhgyZBlM4o3Zy0LhPNwzXE=",
        "owner": "nix-darwin",
        "repo": "nix-darwin",
        "rev": "da529ac9e46f25ed5616fd634079a5f3c579135f",
        "type": "github"
      },
      "original": {
        "owner": "nix-darwin",
        "ref": "master",
        "repo": "nix-darwin",
        "type": "github"
      }
    },
    "nix-homebrew": {
      "inputs": {
        "brew-src": "brew-src"
      },
      "locked": {
        "lastModified": 1769437432,
        "narHash": "sha256-8d7KnCpT2LweRvSzZYEGd9IM3eFX+A78opcnDM0+ndk=",
        "owner": "zhaofengli",
        "repo": "nix-homebrew",
        "rev": "a5409abd0d5013d79775d3419bcac10eacb9d8c5",
        "type": "github"
      },
      "original": {
        "owner": "zhaofengli",
        "repo": "nix-homebrew",
        "type": "github"
      }
    },
    "nixpkgs": {
      "locked": {
        "lastModified": 1772773019,
        "narHash": "sha256-E1bxHxNKfDoQUuvriG71+f+s/NT0qWkImXsYZNFFfCs=",
        "owner": "NixOS",
        "repo": "nixpkgs",
        "rev": "aca4d95fce4914b3892661bcb80b8087293536c6",
        "type": "github"
      },
      "original": {
        "owner": "NixOS",
        "ref": "nixos-unstable",
        "repo": "nixpkgs",
        "type": "github"
      }
    },
    "root": {
      "inputs": {
        "darwin-custom-icons": "darwin-custom-icons",
        "homebrew-cask": "homebrew-cask",
        "homebrew-core": "homebrew-core",
        "homebrew-dashlane": "homebrew-dashlane",
        "homebrew-hai": "homebrew-hai",
        "nix-darwin": "nix-darwin",
        "nix-homebrew": "nix-homebrew",
        "nixpkgs": "nixpkgs"
      }
    }
  },
  "root": "root",
  "version": 7
}
