{
  "nodes": {
    "home-manager": {
      "inputs": {
        "nixpkgs": [
          "nixpkgs"
        ]
      },
      "locked": {
        "lastModified": 1744138333,
        "narHash": "sha256-l0Vjq1EZoYTfWImVmwsvMEuIdasrBRRCoNTV0rNtYi0=",
        "owner": "nix-community",
        "repo": "home-manager",
        "rev": "760eed59594f2f258db0d66b7ca4a5138681fd97",
        "type": "github"
      },
      "original": {
        "owner": "nix-community",
        "repo": "home-manager",
        "type": "github"
      }
    },
    "nix-darwin": {
      "inputs": {
        "nixpkgs": [
          "nixpkgs"
        ]
      },
      "locked": {
        "lastModified": 1743496612,
        "narHash": "sha256-emPWa5lmKbnyuj8c1mSJUkzJNT+iJoU9GMcXwjp2oVM=",
        "owner": "nix-darwin",
        "repo": "nix-darwin",
        "rev": "73d59580d01e9b9f957ba749f336a272869c42dd",
        "type": "github"
      },
      "original": {
        "owner": "nix-darwin",
        "ref": "master",
        "repo": "nix-darwin",
        "type": "github"
      }
    },
    "nixpkgs": {
      "locked": {
        "lastModified": 1744161161,
        "narHash": "sha256-S7J5hAWOIZr14e3GpOq/AK6vvk3Ld6MDn3xBDarz73g=",
        "owner": "NixOS",
        "repo": "nixpkgs",
        "rev": "c38a109ae1f5a3e1706e1cdc65bfbac5167e4d86",
        "type": "github"
      },
      "original": {
        "owner": "NixOS",
        "repo": "nixpkgs",
        "type": "github"
      }
    },
    "root": {
      "inputs": {
        "home-manager": "home-manager",
        "nix-darwin": "nix-darwin",
        "nixpkgs": "nixpkgs"
      }
    }
  },
  "root": "root",
  "version": 7
}
